# THIS IS AN AUTOGENERATED FILE. DO NOT EDIT THIS FILE DIRECTLY.
# yarn lockfile v1


"@types/figlet@^1.7.0":
  version "1.7.0"
  resolved "https://registry.yarnpkg.com/@types/figlet/-/figlet-1.7.0.tgz#f3bc4e47ebebacc93223211bb61245bc72598254"
  integrity sha512-KwrT7p/8Eo3Op/HBSIwGXOsTZKYiM9NpWRBJ5sVjWP/SmlS+oxxRvJht/FNAtliJvja44N3ul1yATgohnVBV0Q==

"@types/node@^22.13.9":
  version "22.13.9"
  resolved "https://registry.yarnpkg.com/@types/node/-/node-22.13.9.tgz#5d9a8f7a975a5bd3ef267352deb96fb13ec02eca"
  integrity sha512-acBjXdRJ3A6Pb3tqnw9HZmyR3Fiol3aGxRCK1x3d+6CDAMjl7I649wpSd+yNURCjbOUGu9tqtLKnTGxmK6CyGw==
  dependencies:
    undici-types "~6.20.0"

commander@^13.1.0:
  version "13.1.0"
  resolved "https://registry.yarnpkg.com/commander/-/commander-13.1.0.tgz#776167db68c78f38dcce1f9b8d7b8b9a488abf46"
  integrity sha512-/rFeCpNJQbhSZjGVwO9RFV3xPqbnERS8MmIQzCtD/zl6gpJuV/bMLuN92oG3F7d8oDEHHRrujSXNUr8fpjntKw==

figlet@^1.8.0:
  version "1.8.0"
  resolved "https://registry.yarnpkg.com/figlet/-/figlet-1.8.0.tgz#1b93c4f65f4c1a3b1135221987eee8cf8b9c0ac7"
  integrity sha512-chzvGjd+Sp7KUvPHZv6EXV5Ir3Q7kYNpCr4aHrRW79qFtTefmQZNny+W1pW9kf5zeE6dikku2W50W/wAH2xWgw==

typescript@^5.8.2:
  version "5.8.2"
  resolved "https://registry.yarnpkg.com/typescript/-/typescript-5.8.2.tgz#8170b3702f74b79db2e5a96207c15e65807999e4"
  integrity sha512-aJn6wq13/afZp/jT9QZmwEjDqqvSGp1VT5GVg+f/t6/oVyrgXM6BY1h9BRh/O5p3PlUPAe+WuiEZOmb/49RqoQ==

undici-types@~6.20.0:
  version "6.20.0"
  resolved "https://registry.yarnpkg.com/undici-types/-/undici-types-6.20.0.tgz#8171bf22c1f588d1554d55bf204bc624af388433"
  integrity sha512-Ny6QZ2Nju20vw1SRHe3d9jVu6gJ+4e3+MMpqu7pqE5HT6WsTSlce++GQmK5UXS8mzV8DSYHrQH+Xrf2jVcuKNg==

zod@^3.24.2:
  version "3.24.2"
  resolved "https://registry.yarnpkg.com/zod/-/zod-3.24.2.tgz#8efa74126287c675e92f46871cfc8d15c34372b3"
  integrity sha512-lY7CDW43ECgW9u1TcT3IoXHflywfVqDYze4waEz812jR/bZ8FHDsl7pFQoSZTz5N+2NqRXs8GBwnAwo3ZNxqhQ==
